	<Project xmlns="http://schemas.microsoft.com/developer/msbuild/2003">
		<PropertyGroup>
			<ProjectGuid>{D994FC5F-8280-461E-9C62-5F1D46ECFFBF}</ProjectGuid>
			<MainSource>Packman.dpr</MainSource>
			<Base>True</Base>
			<Config Condition="'$(Config)'==''">Debug</Config>
			<TargetedPlatforms>1</TargetedPlatforms>
			<AppType>Application</AppType>
			<FrameworkType>VCL</FrameworkType>
			<ProjectVersion>13.4</ProjectVersion>
			<Platform Condition="'$(Platform)'==''">Win32</Platform>
		</PropertyGroup>
		<PropertyGroup Condition="'$(Config)'=='Base' or '$(Base)'!=''">
			<Base>true</Base>
		</PropertyGroup>
		<PropertyGroup Condition="('$(Platform)'=='Win64' and '$(Base)'=='true') or '$(Base_Win64)'!=''">
			<Base_Win64>true</Base_Win64>
			<CfgParent>Base</CfgParent>
			<Base>true</Base>
		</PropertyGroup>
		<PropertyGroup Condition="('$(Platform)'=='Win32' and '$(Base)'=='true') or '$(Base_Win32)'!=''">
			<Base_Win32>true</Base_Win32>
			<CfgParent>Base</CfgParent>
			<Base>true</Base>
		</PropertyGroup>
		<PropertyGroup Condition="'$(Config)'=='Release' or '$(Cfg_1)'!=''">
			<Cfg_1>true</Cfg_1>
			<CfgParent>Base</CfgParent>
			<Base>true</Base>
		</PropertyGroup>
		<PropertyGroup Condition="'$(Config)'=='Debug' or '$(Cfg_2)'!=''">
			<Cfg_2>true</Cfg_2>
			<CfgParent>Base</CfgParent>
			<Base>true</Base>
		</PropertyGroup>
		<PropertyGroup Condition="'$(Base)'!=''">
			<DCC_ExeOutput>..\..</DCC_ExeOutput>
			<VerInfo_IncludeVerInfo>true</VerInfo_IncludeVerInfo>
			<DCC_UsePackage>vcl;rtl;vclx;VclSmp;$(DCC_UsePackage)</DCC_UsePackage>
			<DCC_ImageBase>00400000</DCC_ImageBase>
			<DCC_UnitSearchPath>..\Vcl;$(DCC_UnitSearchPath)</DCC_UnitSearchPath>
			<VerInfo_MajorVer>2</VerInfo_MajorVer>
			<DCC_Namespace>Vcl;Vcl.Imaging;Vcl.Touch;Vcl.Samples;Vcl.Shell;System;Xml;Data;Datasnap;Web;Soap;Winapi;System.Win;FMXTee.Editor;$(DCC_Namespace)</DCC_Namespace>
			<DCC_MapFile>3</DCC_MapFile>
			<VerInfo_MinorVer>2</VerInfo_MinorVer>
			<DCC_N>true</DCC_N>
			<DCC_K>false</DCC_K>
			<VerInfo_Release>6</VerInfo_Release>
			<DCC_S>false</DCC_S>
			<DCC_F>false</DCC_F>
			<DCC_SymbolReferenceInfo>1</DCC_SymbolReferenceInfo>
			<VerInfo_Keys>CompanyName=Bloodshed Software;FileDescription=Dev-C++ Package Manager;FileVersion=2.2.6.0;InternalName=PackMan;LegalCopyright=Copyright (c) 2002 Hongli Lai;LegalTrademarks=;OriginalFilename=PackMan.exe;ProductName=Bloodshed Dev-C++ 5.0;ProductVersion=2.2.6;Comments=GPL&apos;ed;Website=http://www.bloodshed.net/</VerInfo_Keys>
			<DCC_E>false</DCC_E>
			<VerInfo_Locale>1033</VerInfo_Locale>
		</PropertyGroup>
		<PropertyGroup Condition="'$(Base_Win64)'!=''">
			<Icon_MainIcon>Packman_Icon.ico</Icon_MainIcon>
		</PropertyGroup>
		<PropertyGroup Condition="'$(Base_Win32)'!=''">
			<VerInfo_IncludeVerInfo>true</VerInfo_IncludeVerInfo>
			<Icon_MainIcon>Packman_Icon.ico</Icon_MainIcon>
			<DCC_Namespace>Data.Win;Datasnap.Win;Web.Win;Soap.Win;Xml.Win;Bde;$(DCC_Namespace)</DCC_Namespace>
			<VerInfo_Locale>1033</VerInfo_Locale>
			<Manifest_File>$(BDS)\bin\default_app.manifest</Manifest_File>
			<VerInfo_Keys>CompanyName=;FileDescription=;FileVersion=1.0.0.0;InternalName=;LegalCopyright=;LegalTrademarks=;OriginalFilename=;ProductName=;ProductVersion=1.0.0.0;Comments=</VerInfo_Keys>
		</PropertyGroup>
		<PropertyGroup Condition="'$(Cfg_1)'!=''">
			<DCC_LocalDebugSymbols>false</DCC_LocalDebugSymbols>
			<DCC_DebugInformation>false</DCC_DebugInformation>
			<DCC_SymbolReferenceInfo>0</DCC_SymbolReferenceInfo>
			<DCC_Define>RELEASE;$(DCC_Define)</DCC_Define>
		</PropertyGroup>
		<PropertyGroup Condition="'$(Cfg_2)'!=''">
			<DCC_Define>DEBUG;$(DCC_Define)</DCC_Define>
			<DCC_Optimize>false</DCC_Optimize>
			<DCC_GenerateStackFrames>true</DCC_GenerateStackFrames>
		</PropertyGroup>
		<ItemGroup>
			<DelphiCompile Include="$(MainSource)">
				<MainSource>MainSource</MainSource>
			</DelphiCompile>
			<DCCReference Include="InstallWizards.pas">
				<Form>InstallWizard</Form>
			</DCCReference>
			<DCCReference Include="InstallFiles.pas"/>
			<DCCReference Include="Installers.pas"/>
			<DCCReference Include="Main.pas">
				<Form>MainForm</Form>
			</DCCReference>
			<DCCReference Include="PackmanUtils.pas"/>
			<DCCReference Include="RemoveForms.pas">
				<Form>RemoveForm</Form>
			</DCCReference>
			<DCCReference Include="VerifyForms.pas">
				<Form>VerifyForm</Form>
			</DCCReference>
			<DCCReference Include="DetailsForms.pas">
				<Form>DetailsForm</Form>
			</DCCReference>
			<DCCReference Include="AboutForms.pas">
				<Form>AboutForm</Form>
			</DCCReference>
			<DCCReference Include="LibTar.pas"/>
			<DCCReference Include="ExtractionProgressDialog.pas">
				<Form>ExtractionProgress</Form>
			</DCCReference>
			<DCCReference Include="PackmanExitCodesU.pas"/>
			<DCCReference Include="ExceptionsAnalyzer.pas">
				<Form>frmExceptionsAnalyzer</Form>
			</DCCReference>
			<DCCReference Include="unzip\UNZIP.PAS"/>
			<DCCReference Include="unzip\ZIPTYPES.PAS"/>
			<BuildConfiguration Include="Debug">
				<Key>Cfg_2</Key>
				<CfgParent>Base</CfgParent>
			</BuildConfiguration>
			<BuildConfiguration Include="Base">
				<Key>Base</Key>
			</BuildConfiguration>
			<BuildConfiguration Include="Release">
				<Key>Cfg_1</Key>
				<CfgParent>Base</CfgParent>
			</BuildConfiguration>
		</ItemGroup>
		<ProjectExtensions>
			<Borland.Personality>Delphi.Personality.12</Borland.Personality>
			<Borland.ProjectType/>
			<BorlandProject>
				<Delphi.Personality>
					<Source>
						<Source Name="MainSource">Packman.dpr</Source>
					</Source>
					<VersionInfo>
						<VersionInfo Name="IncludeVerInfo">True</VersionInfo>
						<VersionInfo Name="AutoIncBuild">False</VersionInfo>
						<VersionInfo Name="MajorVer">2</VersionInfo>
						<VersionInfo Name="MinorVer">2</VersionInfo>
						<VersionInfo Name="Release">6</VersionInfo>
						<VersionInfo Name="Build">0</VersionInfo>
						<VersionInfo Name="Debug">False</VersionInfo>
						<VersionInfo Name="PreRelease">False</VersionInfo>
						<VersionInfo Name="Special">False</VersionInfo>
						<VersionInfo Name="Private">False</VersionInfo>
						<VersionInfo Name="DLL">False</VersionInfo>
						<VersionInfo Name="Locale">1033</VersionInfo>
						<VersionInfo Name="CodePage">1252</VersionInfo>
					</VersionInfo>
					<VersionInfoKeys>
						<VersionInfoKeys Name="CompanyName">Bloodshed Software</VersionInfoKeys>
						<VersionInfoKeys Name="FileDescription">Dev-C++ Package Manager</VersionInfoKeys>
						<VersionInfoKeys Name="FileVersion">2.2.6.0</VersionInfoKeys>
						<VersionInfoKeys Name="InternalName">PackMan</VersionInfoKeys>
						<VersionInfoKeys Name="LegalCopyright">Copyright (c) 2002 Hongli Lai</VersionInfoKeys>
						<VersionInfoKeys Name="LegalTrademarks"/>
						<VersionInfoKeys Name="OriginalFilename">PackMan.exe</VersionInfoKeys>
						<VersionInfoKeys Name="ProductName">Bloodshed Dev-C++ 5.0</VersionInfoKeys>
						<VersionInfoKeys Name="ProductVersion">2.2.6</VersionInfoKeys>
						<VersionInfoKeys Name="Comments">GPL&apos;ed</VersionInfoKeys>
						<VersionInfoKeys Name="Website">http://www.bloodshed.net/</VersionInfoKeys>
					</VersionInfoKeys>
				</Delphi.Personality>
				<Platforms>
					<Platform value="Win64">False</Platform>
					<Platform value="Win32">True</Platform>
				</Platforms>
			</BorlandProject>
			<ProjectFileVersion>12</ProjectFileVersion>
		</ProjectExtensions>
		<Import Condition="Exists('$(BDS)\Bin\CodeGear.Delphi.Targets')" Project="$(BDS)\Bin\CodeGear.Delphi.Targets"/>
		<Import Condition="Exists('$(APPDATA)\Embarcadero\$(BDSAPPDATABASEDIR)\$(PRODUCTVERSION)\UserTools.proj')" Project="$(APPDATA)\Embarcadero\$(BDSAPPDATABASEDIR)\$(PRODUCTVERSION)\UserTools.proj"/>
	</Project>
